// !$*UTF8*$!
{
	archiveVersion = 1;
	classes = {
	};
	objectVersion = 55;
	objects = {

/* Begin PBXBuildFile section */
		7A6FB7D9281DB5BD00EEAF04 /* AppDelegate.swift in Sources */ = {isa = PBXBuildFile; fileRef = 7A6FB7D8281DB5BC00EEAF04 /* AppDelegate.swift */; };
		7A6FB7DB281DB5BD00EEAF04 /* SceneDelegate.swift in Sources */ = {isa = PBXBuildFile; fileRef = 7A6FB7DA281DB5BD00EEAF04 /* SceneDelegate.swift */; };
		7A6FB7DD281DB5BD00EEAF04 /* ViewController.swift in Sources */ = {isa = PBXBuildFile; fileRef = 7A6FB7DC281DB5BD00EEAF04 /* ViewController.swift */; };
		7A6FB7E0281DB5BD00EEAF04 /* Main.storyboard in Resources */ = {isa = PBXBuildFile; fileRef = 7A6FB7DE281DB5BD00EEAF04 /* Main.storyboard */; };
		7A6FB7E2281DB5C100EEAF04 /* Assets.xcassets in Resources */ = {isa = PBXBuildFile; fileRef = 7A6FB7E1281DB5C100EEAF04 /* Assets.xcassets */; };
		7A6FB7E5281DB5C100EEAF04 /* LaunchScreen.storyboard in Resources */ = {isa = PBXBuildFile; fileRef = 7A6FB7E3281DB5C100EEAF04 /* LaunchScreen.storyboard */; };
		7A6FB7ED281DB5EE00EEAF04 /* RoundStepper.swift in Sources */ = {isa = PBXBuildFile; fileRef = 7A6FB7EC281DB5EE00EEAF04 /* RoundStepper.swift */; };
/* End PBXBuildFile section */

/* Begin PBXFileReference section */
		7A6FB7D5281DB5BC00EEAF04 /* CustomStepper.app */ = {isa = PBXFileReference; explicitFileType = wrapper.application; includeInIndex = 0; path = CustomStepper.app; sourceTree = BUILT_PRODUCTS_DIR; };
		7A6FB7D8281DB5BC00EEAF04 /* AppDelegate.swift */ = {isa = PBXFileReference; lastKnownFileType = sourcecode.swift; path = AppDelegate.swift; sourceTree = "<group>"; };
		7A6FB7DA281DB5BD00EEAF04 /* SceneDelegate.swift */ = {isa = PBXFileReference; lastKnownFileType = sourcecode.swift; path = SceneDelegate.swift; sourceTree = "<group>"; };
		7A6FB7DC281DB5BD00EEAF04 /* ViewController.swift */ = {isa = PBXFileReference; lastKnownFileType = sourcecode.swift; path = ViewController.swift; sourceTree = "<group>"; };
		7A6FB7DF281DB5BD00EEAF04 /* Base */ = {isa = PBXFileReference; lastKnownFileType = file.storyboard; name = Base; path = Base.lproj/Main.storyboard; sourceTree = "<group>"; };
		7A6FB7E1281DB5C100EEAF04 /* Assets.xcassets */ = {isa = PBXFileReference; lastKnownFileType = folder.assetcatalog; path = Assets.xcassets; sourceTree = "<group>"; };
		7A6FB7E4281DB5C100EEAF04 /* Base */ = {isa = PBXFileReference; lastKnownFileType = file.storyboard; name = Base; path = Base.lproj/LaunchScreen.storyboard; sourceTree = "<group>"; };
		7A6FB7E6281DB5C100EEAF04 /* Info.plist */ = {isa = PBXFileReference; lastKnownFileType = text.plist.xml; path = Info.plist; sourceTree = "<group>"; };
		7A6FB7EC281DB5EE00EEAF04 /* RoundStepper.swift */ = {isa = PBXFileReference; lastKnownFileType = sourcecode.swift; path = RoundStepper.swift; sourceTree = "<group>"; };
/* End PBXFileReference section */

/* Begin PBXFrameworksBuildPhase section */
		7A6FB7D2281DB5BC00EEAF04 /* Frameworks */ = {
			isa = PBXFrameworksBuildPhase;
			buildActionMask = 2147483647;
			files = (
			);
			runOnlyForDeploymentPostprocessing = 0;
		};
/* End PBXFrameworksBuildPhase section */

/* Begin PBXGroup section */
		7A6FB7CC281DB5BC00EEAF04 = {
			isa = PBXGroup;
			children = (
				7A6FB7D7281DB5BC00EEAF04 /* CustomStepper */,
				7A6FB7D6281DB5BC00EEAF04 /* Products */,
			);
			sourceTree = "<group>";
		};
		7A6FB7D6281DB5BC00EEAF04 /* Products */ = {
			isa = PBXGroup;
			children = (
				7A6FB7D5281DB5BC00EEAF04 /* CustomStepper.app */,
			);
			name = Products;
			sourceTree = "<group>";
		};
		7A6FB7D7281DB5BC00EEAF04 /* CustomStepper */ = {
			isa = PBXGroup;
			children = (
				7A6FB7D8281DB5BC00EEAF04 /* AppDelegate.swift */,
				7A6FB7DA281DB5BD00EEAF04 /* SceneDelegate.swift */,
				7A6FB7DC281DB5BD00EEAF04 /* ViewController.swift */,
				7A6FB7EC281DB5EE00EEAF04 /* RoundStepper.swift */,
				7A6FB7DE281DB5BD00EEAF04 /* Main.storyboard */,
				7A6FB7E1281DB5C100EEAF04 /* Assets.xcassets */,
				7A6FB7E3281DB5C100EEAF04 /* LaunchScreen.storyboard */,
				7A6FB7E6281DB5C100EEAF04 /* Info.plist */,
			);
			path = CustomStepper;
			sourceTree = "<group>";
		};
/* End PBXGroup section */

/* Begin PBXNativeTarget section */
		7A6FB7D4281DB5BC00EEAF04 /* CustomStepper */ = {
			isa = PBXNativeTarget;
			buildConfigurationList = 7A6FB7E9281DB5C100EEAF04 /* Build configuration list for PBXNativeTarget "CustomStepper" */;
			buildPhases = (
				7A6FB7D1281DB5BC00EEAF04 /* Sources */,
				7A6FB7D2281DB5BC00EEAF04 /* Frameworks */,
				7A6FB7D3281DB5BC00EEAF04 /* Resources */,
			);
			buildRules = (
			);
			dependencies = (
			);
			name = CustomStepper;
			productName = CustomStepper;
			productReference = 7A6FB7D5281DB5BC00EEAF04 /* CustomStepper.app */;
			productType = "com.apple.product-type.application";
		};
/* End PBXNativeTarget section */

/* Begin PBXProject section */
		7A6FB7CD281DB5BC00EEAF04 /* Project object */ = {
			isa = PBXProject;
			attributes = {
				BuildIndependentTargetsInParallel = 1;
				LastSwiftUpdateCheck = 1320;
				LastUpgradeCheck = 1320;
				TargetAttributes = {
					7A6FB7D4281DB5BC00EEAF04 = {
						CreatedOnToolsVersion = 13.2.1;
					};
				};
			};
			buildConfigurationList = 7A6FB7D0281DB5BC00EEAF04 /* Build configuration list for PBXProject "CustomStepper" */;
			compatibilityVersion = "Xcode 13.0";
			developmentRegion = en;
			hasScannedForEncodings = 0;
			knownRegions = (
				en,
				Base,
			);
			mainGroup = 7A6FB7CC281DB5BC00EEAF04;
			productRefGroup = 7A6FB7D6281DB5BC00EEAF04 /* Products */;
			projectDirPath = "";
			projectRoot = "";
			targets = (
				7A6FB7D4281DB5BC00EEAF04 /* CustomStepper */,
			);
		};
/* End PBXProject section */

/* Begin PBXResourcesBuildPhase section */
		7A6FB7D3281DB5BC00EEAF04 /* Resources */ = {
			isa = PBXResourcesBuildPhase;
			buildActionMask = 2147483647;
			files = (
				7A6FB7E5281DB5C100EEAF04 /* LaunchScreen.storyboard in Resources */,
				7A6FB7E2281DB5C100EEAF04 /* Assets.xcassets in Resources */,
				7A6FB7E0281DB5BD00EEAF04 /* Main.storyboard in Resources */,
			);
			runOnlyForDeploymentPostprocessing = 0;
		};
/* End PBXResourcesBuildPhase section */

/* Begin PBXSourcesBuildPhase section */
		7A6FB7D1281DB5BC00EEAF04 /* Sources */ = {
			isa = PBXSourcesBuildPhase;
			buildActionMask = 2147483647;
			files = (
				7A6FB7ED281DB5EE00EEAF04 /* RoundStepper.swift in Sources */,
				7A6FB7DD281DB5BD00EEAF04 /* ViewController.swift in Sources */,
				7A6FB7D9281DB5BD00EEAF04 /* AppDelegate.swift in Sources */,
				7A6FB7DB281DB5BD00EEAF04 /* SceneDelegate.swift in Sources */,
			);
			runOnlyForDeploymentPostprocessing = 0;
		};
/* End PBXSourcesBuildPhase section */

/* Begin PBXVariantGroup section */
		7A6FB7DE281DB5BD00EEAF04 /* Main.storyboard */ = {
			isa = PBXVariantGroup;
			children = (
				7A6FB7DF281DB5BD00EEAF04 /* Base */,
			);
			name = Main.storyboard;
			sourceTree = "<group>";
		};
		7A6FB7E3281DB5C100EEAF04 /* LaunchScreen.storyboard */ = {
			isa = PBXVariantGroup;
			children = (
				7A6FB7E4281DB5C100EEAF04 /* Base */,
			);
			name = LaunchScreen.storyboard;
			sourceTree = "<group>";
		};
/* End PBXVariantGroup section */

/* Begin XCBuildConfiguration section */
		7A6FB7E7281DB5C100EEAF04 /* Debug */ = {
			isa = XCBuildConfiguration;
			buildSettings = {
				ALWAYS_SEARCH_USER_PATHS = NO;
				CLANG_ANALYZER_NONNULL = YES;
				CLANG_ANALYZER_NUMBER_OBJECT_CONVERSION = YES_AGGRESSIVE;
				CLANG_CXX_LANGUAGE_STANDARD = "gnu++17";
				CLANG_CXX_LIBRARY = "libc++";
				CLANG_ENABLE_MODULES = YES;
				CLANG_ENABLE_OBJC_ARC = YES;
				CLANG_ENABLE_OBJC_WEAK = YES;
				CLANG_WARN_BLOCK_CAPTURE_AUTORELEASING = YES;
				CLANG_WARN_BOOL_CONVERSION = YES;
				CLANG_WARN_COMMA = YES;
				CLANG_WARN_CONSTANT_CONVERSION = YES;
				CLANG_WARN_DEPRECATED_OBJC_IMPLEMENTATIONS = YES;
				CLANG_WARN_DIRECT_OBJC_ISA_USAGE = YES_ERROR;
				CLANG_WARN_DOCUMENTATION_COMMENTS = YES;
				CLANG_WARN_EMPTY_BODY = YES;
				CLANG_WARN_ENUM_CONVERSION = YES;
				CLANG_WARN_INFINITE_RECURSION = YES;
				CLANG_WARN_INT_CONVERSION = YES;
				CLANG_WARN_NON_LITERAL_NULL_CONVERSION = YES;
				CLANG_WARN_OBJC_IMPLICIT_RETAIN_SELF = YES;
				CLANG_WARN_OBJC_LITERAL_CONVERSION = YES;
				CLANG_WARN_OBJC_ROOT_CLASS = YES_ERROR;
				CLANG_WARN_QUOTED_INCLUDE_IN_FRAMEWORK_HEADER = YES;
				CLANG_WARN_RANGE_LOOP_ANALYSIS = YES;
				CLANG_WARN_STRICT_PROTOTYPES = YES;
				CLANG_WARN_SUSPICIOUS_MOVE = YES;
				CLANG_WARN_UNGUARDED_AVAILABILITY = YES_AGGRESSIVE;
				CLANG_WARN_UNREACHABLE_CODE = YES;
				CLANG_WARN__DUPLICATE_METHOD_MATCH = YES;
				COPY_PHASE_STRIP = NO;
				DEBUG_INFORMATION_FORMAT = dwarf;
				ENABLE_STRICT_OBJC_MSGSEND = YES;
				ENABLE_TESTABILITY = YES;
				GCC_C_LANGUAGE_STANDARD = gnu11;
				GCC_DYNAMIC_NO_PIC = NO;
				GCC_NO_COMMON_BLOCKS = YES;
				GCC_OPTIMIZATION_LEVEL = 0;
				GCC_PREPROCESSOR_DEFINITIONS = (
					"DEBUG=1",
					"$(inherited)",
				);
				GCC_WARN_64_TO_32_BIT_CONVERSION = YES;
				GCC_WARN_ABOUT_RETURN_TYPE = YES_ERROR;
				GCC_WARN_UNDECLARED_SELECTOR = YES;
				GCC_WARN_UNINITIALIZED_AUTOS = YES_AGGRESSIVE;
				GCC_WARN_UNUSED_FUNCTION = YES;
				GCC_WARN_UNUSED_VARIABLE = YES;
				IPHONEOS_DEPLOYMENT_TARGET = 15.2;
				MTL_ENABLE_DEBUG_INFO = INCLUDE_SOURCE;
				MTL_FAST_MATH = YES;
				ONLY_ACTIVE_ARCH = YES;
				SDKROOT = iphoneos;
				SWIFT_ACTIVE_COMPILATION_CONDITIONS = DEBUG;
				SWIFT_OPTIMIZATION_LEVEL = "-Onone";
			};
			name = Debug;
		};
		7A6FB7E8281DB5C100EEAF04 /* Release */ = {
			isa = XCBuildConfiguration;
			buildSettings = {
				ALWAYS_SEARCH_USER_PATHS = NO;
				CLANG_ANALYZER_NONNULL = YES;
				CLANG_ANALYZER_NUMBER_OBJECT_CONVERSION = YES_AGGRESSIVE;
				CLANG_CXX_LANGUAGE_STANDARD = "gnu++17";
				CLANG_CXX_LIBRARY = "libc++";
				CLANG_ENABLE_MODULES = YES;
				CLANG_ENABLE_OBJC_ARC = YES;
				CLANG_ENABLE_OBJC_WEAK = YES;
				CLANG_WARN_BLOCK_CAPTURE_AUTORELEASING = YES;
				CLANG_WARN_BOOL_CONVERSION = YES;
				CLANG_WARN_COMMA = YES;
				CLANG_WARN_CONSTANT_CONVERSION = YES;
				CLANG_WARN_DEPRECATED_OBJC_IMPLEMENTATIONS = YES;
				CLANG_WARN_DIRECT_OBJC_ISA_USAGE = YES_ERROR;
				CLANG_WARN_DOCUMENTATION_COMMENTS = YES;
				CLANG_WARN_EMPTY_BODY = YES;
				CLANG_WARN_ENUM_CONVERSION = YES;
				CLANG_WARN_INFINITE_RECURSION = YES;
				CLANG_WARN_INT_CONVERSION = YES;
				CLANG_WARN_NON_LITERAL_NULL_CONVERSION = YES;
				CLANG_WARN_OBJC_IMPLICIT_RETAIN_SELF = YES;
				CLANG_WARN_OBJC_LITERAL_CONVERSION = YES;
				CLANG_WARN_OBJC_ROOT_CLASS = YES_ERROR;
				CLANG_WARN_QUOTED_INCLUDE_IN_FRAMEWORK_HEADER = YES;
				CLANG_WARN_RANGE_LOOP_ANALYSIS = YES;
				CLANG_WARN_STRICT_PROTOTYPES = YES;
				CLANG_WARN_SUSPICIOUS_MOVE = YES;
				CLANG_WARN_UNGUARDED_AVAILABILITY = YES_AGGRESSIVE;
				CLANG_WARN_UNREACHABLE_CODE = YES;
				CLANG_WARN__DUPLICATE_METHOD_MATCH = YES;
				COPY_PHASE_STRIP = NO;
				DEBUG_INFORMATION_FORMAT = "dwarf-with-dsym";
				ENABLE_NS_ASSERTIONS = NO;
				ENABLE_STRICT_OBJC_MSGSEND = YES;
				GCC_C_LANGUAGE_STANDARD = gnu11;
				GCC_NO_COMMON_BLOCKS = YES;
				GCC_WARN_64_TO_32_BIT_CONVERSION = YES;
				GCC_WARN_ABOUT_RETURN_TYPE = YES_ERROR;
				GCC_WARN_UNDECLARED_SELECTOR = YES;
				GCC_WARN_UNINITIALIZED_AUTOS = YES_AGGRESSIVE;
				GCC_WARN_UNUSED_FUNCTION = YES;
				GCC_WARN_UNUSED_VARIABLE = YES;
				IPHONEOS_DEPLOYMENT_TARGET = 15.2;
				MTL_ENABLE_DEBUG_INFO = NO;
				MTL_FAST_MATH = YES;
				SDKROOT = iphoneos;
				SWIFT_COMPILATION_MODE = wholemodule;
				SWIFT_OPTIMIZATION_LEVEL = "-O";
				VALIDATE_PRODUCT = YES;
			};
			name = Release;
		};
		7A6FB7EA281DB5C100EEAF04 /* Debug */ = {
			isa = XCBuildConfiguration;
			buildSettings = {
				ASSETCATALOG_COMPILER_APPICON_NAME = AppIcon;
				ASSETCATALOG_COMPILER_GLOBAL_ACCENT_COLOR_NAME = AccentColor;
				CODE_SIGN_STYLE = Automatic;
				CURRENT_PROJECT_VERSION = 1;
				DEVELOPMENT_TEAM = PBU684998B;
				GENERATE_INFOPLIST_FILE = YES;
				INFOPLIST_FILE = CustomStepper/Info.plist;
				INFOPLIST_KEY_UIApplicationSupportsIndirectInputEvents = YES;
				INFOPLIST_KEY_UILaunchStoryboardName = LaunchScreen;
				INFOPLIST_KEY_UIMainStoryboardFile = Main;
				INFOPLIST_KEY_UISupportedInterfaceOrientations_iPad = "UIInterfaceOrientationPortrait UIInterfaceOrientationPortraitUpsideDown UIInterfaceOrientationLandscapeLeft UIInterfaceOrientationLandscapeRight";
				INFOPLIST_KEY_UISupportedInterfaceOrientations_iPhone = "UIInterfaceOrientationPortrait UIInterfaceOrientationLandscapeLeft UIInterfaceOrientationLandscapeRight";
				LD_RUNPATH_SEARCH_PATHS = (
					"$(inherited)",
					"@executable_path/Frameworks",
				);
				MARKETING_VERSION = 1.0;
				PRODUCT_BUNDLE_IDENTIFIER = CustomStepper.Articles.com.CustomStepper;
				PRODUCT_NAME = "$(TARGET_NAME)";
				SWIFT_EMIT_LOC_STRINGS = YES;
				SWIFT_VERSION = 5.0;
				TARGETED_DEVICE_FAMILY = "1,2";
			};
			name = Debug;
		};
		7A6FB7EB281DB5C100EEAF04 /* Release */ = {
			isa = XCBuildConfiguration;
			buildSettings = {
				ASSETCATALOG_COMPILER_APPICON_NAME = AppIcon;
				ASSETCATALOG_COMPILER_GLOBAL_ACCENT_COLOR_NAME = AccentColor;
				CODE_SIGN_STYLE = Automatic;
				CURRENT_PROJECT_VERSION = 1;
				DEVELOPMENT_TEAM = PBU684998B;
				GENERATE_INFOPLIST_FILE = YES;
				INFOPLIST_FILE = CustomStepper/Info.plist;
				INFOPLIST_KEY_UIApplicationSupportsIndirectInputEvents = YES;
				INFOPLIST_KEY_UILaunchStoryboardName = LaunchScreen;
				INFOPLIST_KEY_UIMainStoryboardFile = Main;
				INFOPLIST_KEY_UISupportedInterfaceOrientations_iPad = "UIInterfaceOrientationPortrait UIInterfaceOrientationPortraitUpsideDown UIInterfaceOrientationLandscapeLeft UIInterfaceOrientationLandscapeRight";
				INFOPLIST_KEY_UISupportedInterfaceOrientations_iPhone = "UIInterfaceOrientationPortrait UIInterfaceOrientationLandscapeLeft UIInterfaceOrientationLandscapeRight";
				LD_RUNPATH_SEARCH_PATHS = (
					"$(inherited)",
					"@executable_path/Frameworks",
				);
				MARKETING_VERSION = 1.0;
				PRODUCT_BUNDLE_IDENTIFIER = CustomStepper.Articles.com.CustomStepper;
				PRODUCT_NAME = "$(TARGET_NAME)";
				SWIFT_EMIT_LOC_STRINGS = YES;
				SWIFT_VERSION = 5.0;
				TARGETED_DEVICE_FAMILY = "1,2";
			};
			name = Release;
		};
/* End XCBuildConfiguration section */

/* Begin XCConfigurationList section */
		7A6FB7D0281DB5BC00EEAF04 /* Build configuration list for PBXProject "CustomStepper" */ = {
			isa = XCConfigurationList;
			buildConfigurations = (
				7A6FB7E7281DB5C100EEAF04 /* Debug */,
				7A6FB7E8281DB5C100EEAF04 /* Release */,
			);
			defaultConfigurationIsVisible = 0;
			defaultConfigurationName = Release;
		};
		7A6FB7E9281DB5C100EEAF04 /* Build configuration list for PBXNativeTarget "CustomStepper" */ = {
			isa = XCConfigurationList;
			buildConfigurations = (
				7A6FB7EA281DB5C100EEAF04 /* Debug */,
				7A6FB7EB281DB5C100EEAF04 /* Release */,
			);
			defaultConfigurationIsVisible = 0;
			defaultConfigurationName = Release;
		};
/* End XCConfigurationList section */
	};
	rootObject = 7A6FB7CD281DB5BC00EEAF04 /* Project object */;
}
